schema: '2.0'
stages:
  data_ingestion:
    cmd: python src/data_ingestion.py
    deps:
    - path: src/data_ingestion.py
      hash: md5
      md5: 1a6151eaa79d80d9d0555c32282b1833
      size: 2969
    params:
      params.yaml:
        data_ingestion.test_size: 0.2
    outs:
    - path: data/raw
      hash: md5
      md5: bf47de85be35cdaa9089599859e816c2.dir
      size: 39077
      nfiles: 2
  data_preprocessing:
    cmd: python src/data_preprocessing.py
    deps:
    - path: data/raw
      hash: md5
      md5: bf47de85be35cdaa9089599859e816c2.dir
      size: 39077
      nfiles: 2
    - path: src/data_preprocessing.py
      hash: md5
      md5: 99503d09b5b19c2c9c4616bc6da87a6d
      size: 3657
    outs:
    - path: data/interim
      hash: md5
      md5: 3d3e8f6840ca47dcd90ae9ff613ddce8.dir
      size: 264464
      nfiles: 2
    - path: models/scaler.pkl
      hash: md5
      md5: 7d70d5058156c642ddff5ad7f4961f4b
      size: 1359
  model_building:
    cmd: python src/model_building.py
    deps:
    - path: data/interim
      hash: md5
      md5: 3d3e8f6840ca47dcd90ae9ff613ddce8.dir
      size: 264464
      nfiles: 2
    - path: src/model_building.py
      hash: md5
      md5: 14b22ab5bce870a569d5b31d6f13d59d
      size: 4547
    params:
      params.yaml:
        model_building.max_depth: 5
        model_building.min_samples_split: 10
        model_building.random_state: 42
    outs:
    - path: models/training_model.pkl
      hash: md5
      md5: 868e6bf09f47f75ccee99a16d890d8e5
      size: 4871
  model_evaluation:
    cmd: python src/model_evaluation.py
    deps:
    - path: data/interim
      hash: md5
      md5: 3d3e8f6840ca47dcd90ae9ff613ddce8.dir
      size: 264464
      nfiles: 2
    - path: models/training_model.pkl
      hash: md5
      md5: 868e6bf09f47f75ccee99a16d890d8e5
      size: 4871
    - path: src/model_evaluation.py
      hash: md5
      md5: fb3b6f6c018b881b249c87fdf2133e6b
      size: 3628
    outs:
    - path: reports/metrics.json
      hash: md5
      md5: d905e8c879e70e3285c9711ec853e0f7
      size: 131
