schema: '2.0'
stages:
  data_ingestion:
    cmd: python src/data_ingestion.py
    deps:
    - path: src/data_ingestion.py
      hash: md5
      md5: 1a6151eaa79d80d9d0555c32282b1833
      size: 2969
    params:
      params.yaml:
        data_ingestion.test_size: 0.3
    outs:
    - path: data/raw
      hash: md5
      md5: d466ade00d168c29f6a0c17c623c4b66.dir
      size: 39077
      nfiles: 2
  data_preprocessing:
    cmd: python src/data_preprocessing.py
    deps:
    - path: data/raw
      hash: md5
      md5: d466ade00d168c29f6a0c17c623c4b66.dir
      size: 39077
      nfiles: 2
    - path: src/data_preprocessing.py
      hash: md5
      md5: 99503d09b5b19c2c9c4616bc6da87a6d
      size: 3657
    outs:
    - path: data/interim
      hash: md5
      md5: a0c7636754624f183d36a23a01d81fe6.dir
      size: 264063
      nfiles: 2
    - path: models/scaler.pkl
      hash: md5
      md5: ee1fbeef6c752012401ba35dd4da8b7c
      size: 1359
  model_building:
    cmd: python src/model_building.py
    deps:
    - path: data/interim
      hash: md5
      md5: a0c7636754624f183d36a23a01d81fe6.dir
      size: 264063
      nfiles: 2
    - path: src/model_building.py
      hash: md5
      md5: 14b22ab5bce870a569d5b31d6f13d59d
      size: 4547
    params:
      params.yaml:
        model_building.max_depth: 7
        model_building.min_samples_split: 10
        model_building.random_state: 42
    outs:
    - path: models/training_model.pkl
      hash: md5
      md5: 7ee7f81ec25c883bf351a919b32c3ef8
      size: 6631
  model_evaluation:
    cmd: python src/model_evaluation.py
    deps:
    - path: data/interim
      hash: md5
      md5: a0c7636754624f183d36a23a01d81fe6.dir
      size: 264063
      nfiles: 2
    - path: models/training_model.pkl
      hash: md5
      md5: 7ee7f81ec25c883bf351a919b32c3ef8
      size: 6631
    - path: src/model_evaluation.py
      hash: md5
      md5: 726bc59a9949c6634071d2f3ed5d4f28
      size: 4525
    outs:
    - path: reports/metrics.json
      hash: md5
      md5: c59a0021117be43b2f6bc96db4b341c0
      size: 143
